
Microsoft Visual Studio Solution File, Format Version 12.00
# Visual Studio Version 17
VisualStudioVersion = 17.4.33205.214
MinimumVisualStudioVersion = 10.0.40219.1
Project("{FAE04EC0-301F-11D3-BF4B-00C04F79EFBC}") = "WebAPI_LKP", "WebAPI_LKP\WebAPI_LKP.csproj", "{F9F0A3EB-C186-4C41-BC11-94316FDA2882}"
EndProject
Global
	GlobalSection(SolutionConfigurationPlatforms) = preSolution
		Debug|Any CPU = Debug|Any CPU
		Release|Any CPU = Release|Any CPU
	EndGlobalSection
	GlobalSection(ProjectConfigurationPlatforms) = postSolution
		{F9F0A3EB-C186-4C41-BC11-94316FDA2882}.Debug|Any CPU.ActiveCfg = Debug|Any CPU
		{F9F0A3EB-C186-4C41-BC11-94316FDA2882}.Debug|Any CPU.Build.0 = Debug|Any CPU
		{F9F0A3EB-C186-4C41-BC11-94316FDA2882}.Release|Any CPU.ActiveCfg = Release|Any CPU
		{F9F0A3EB-C186-4C41-BC11-94316FDA2882}.Release|Any CPU.Build.0 = Release|Any CPU
	EndGlobalSection
	GlobalSection(SolutionProperties) = preSolution
		HideSolutionNode = FALSE
	EndGlobalSection
	GlobalSection(ExtensibilityGlobals) = postSolution
		SolutionGuid = {09160A7A-8272-4AD8-89F6-292A44674E2E}
	EndGlobalSection
EndGlobal
